
Microsoft Visual Studio Solution File, Format Version 12.00
# Visual Studio 2013
VisualStudioVersion = 12.0.21005.1
MinimumVisualStudioVersion = 10.0.40219.1
Project("{F184B08F-C81C-45F6-A57F-5ABD9991F28F}") = "CryptoExpert Pool Monitor-WIN", "CryptoExpert Pool Monitor-WIN\CryptoExpert Pool Monitor-WIN.vbproj", "{65B842EA-5DE5-4D93-8EBC-F691360D71CD}"
EndProject
Global
	GlobalSection(SolutionConfigurationPlatforms) = preSolution
		Debug|Any CPU = Debug|Any CPU
		Release|Any CPU = Release|Any CPU
	EndGlobalSection
	GlobalSection(ProjectConfigurationPlatforms) = postSolution
		{65B842EA-5DE5-4D93-8EBC-F691360D71CD}.Debug|Any CPU.ActiveCfg = Debug|Any CPU
		{65B842EA-5DE5-4D93-8EBC-F691360D71CD}.Debug|Any CPU.Build.0 = Debug|Any CPU
		{65B842EA-5DE5-4D93-8EBC-F691360D71CD}.Release|Any CPU.ActiveCfg = Release|Any CPU
		{65B842EA-5DE5-4D93-8EBC-F691360D71CD}.Release|Any CPU.Build.0 = Release|Any CPU
	EndGlobalSection
	GlobalSection(SolutionProperties) = preSolution
		HideSolutionNode = FALSE
	EndGlobalSection
EndGlobal
